
Microsoft Visual Studio Solution File, Format Version 12.00
# Visual Studio Version 17
VisualStudioVersion = 17.1.32421.90
MinimumVisualStudioVersion = 10.0.40219.1
Project("{9A19103F-16F7-4668-BE54-9A1E7A4F7556}") = "HOM", "HOM\HOM.csproj", "{774A0BED-44BF-40C1-A0FC-DC73A536510B}"
EndProject
Global
	GlobalSection(SolutionConfigurationPlatforms) = preSolution
		Debug|Any CPU = Debug|Any CPU
		Release|Any CPU = Release|Any CPU
	EndGlobalSection
	GlobalSection(ProjectConfigurationPlatforms) = postSolution
		{774A0BED-44BF-40C1-A0FC-DC73A536510B}.Debug|Any CPU.ActiveCfg = Debug|Any CPU
		{774A0BED-44BF-40C1-A0FC-DC73A536510B}.Debug|Any CPU.Build.0 = Debug|Any CPU
		{774A0BED-44BF-40C1-A0FC-DC73A536510B}.Release|Any CPU.ActiveCfg = Release|Any CPU
		{774A0BED-44BF-40C1-A0FC-DC73A536510B}.Release|Any CPU.Build.0 = Release|Any CPU
	EndGlobalSection
	GlobalSection(SolutionProperties) = preSolution
		HideSolutionNode = FALSE
	EndGlobalSection
	GlobalSection(ExtensibilityGlobals) = postSolution
		SolutionGuid = {ECFF3AC3-F2F9-4E01-9E2D-EEB7241D622E}
	EndGlobalSection
EndGlobal
